github.com/gen2brain/raylib-go/raygui v0.0.0-20230511170620-d84e4cc82f8d h1:N4kDALsJhvJdY8m4m4vW36CJKFWmpTKO1emQt2Up/V8=
github.com/gen2brain/raylib-go/raygui v0.0.0-20230511170620-d84e4cc82f8d/go.mod h1:v66MnFIuw+DSIs1O0GM1FN+/nwsj+Z4bwHA1S7WMxwU=
github.com/gen2brain/raylib-go/raylib v0.0.0-20230511170620-d84e4cc82f8d h1:M1gq2devl4lx6K0Gky7CvbYrxMMP2uC903C9bO+GO28=
github.com/gen2brain/raylib-go/raylib v0.0.0-20230511170620-d84e4cc82f8d/go.mod h1:AwtGA3aTtYdezNxEVbfchaLw/z+CuRDh2Mlxy0FbBro=
